
Microsoft Visual Studio Solution File, Format Version 12.00
# Visual Studio 15
VisualStudioVersion = 15.0.28307.106
MinimumVisualStudioVersion = 10.0.40219.1
Project("{FAE04EC0-301F-11D3-BF4B-00C04F79EFBC}") = "4 10TEST", "4 10TEST\4 10TEST.csproj", "{5D803FE7-BE93-4E20-B39B-572C4801BEA5}"
EndProject
Global
	GlobalSection(SolutionConfigurationPlatforms) = preSolution
		Debug|Any CPU = Debug|Any CPU
		Release|Any CPU = Release|Any CPU
	EndGlobalSection
	GlobalSection(ProjectConfigurationPlatforms) = postSolution
		{5D803FE7-BE93-4E20-B39B-572C4801BEA5}.Debug|Any CPU.ActiveCfg = Debug|Any CPU
		{5D803FE7-BE93-4E20-B39B-572C4801BEA5}.Debug|Any CPU.Build.0 = Debug|Any CPU
		{5D803FE7-BE93-4E20-B39B-572C4801BEA5}.Release|Any CPU.ActiveCfg = Release|Any CPU
		{5D803FE7-BE93-4E20-B39B-572C4801BEA5}.Release|Any CPU.Build.0 = Release|Any CPU
	EndGlobalSection
	GlobalSection(SolutionProperties) = preSolution
		HideSolutionNode = FALSE
	EndGlobalSection
	GlobalSection(ExtensibilityGlobals) = postSolution
		SolutionGuid = {6209024D-C860-421D-B87A-274FE5763DA4}
	EndGlobalSection
EndGlobal
